
Microsoft Visual Studio Solution File, Format Version 12.00
# Visual Studio 15
VisualStudioVersion = 15.0.27004.2009
MinimumVisualStudioVersion = 10.0.40219.1
Project("{FAE04EC0-301F-11D3-BF4B-00C04F79EFBC}") = "ManualTaskRunner", "ManualTaskRunner\ManualTaskRunner.csproj", "{4010A596-DDE8-4F70-8ED1-869D3FFF05CE}"
EndProject
Project("{FAE04EC0-301F-11D3-BF4B-00C04F79EFBC}") = "SFA.DAS.Payments.Reference.Commitments", "..\das-providerpayments\src\Reference\Commitments\SFA.DAS.Payments.Reference.Commitments\SFA.DAS.Payments.Reference.Commitments.csproj", "{BAE01073-3F46-44F0-AA20-86D091953329}"
EndProject
Global
	GlobalSection(SolutionConfigurationPlatforms) = preSolution
		Debug|Any CPU = Debug|Any CPU
		Release|Any CPU = Release|Any CPU
	EndGlobalSection
	GlobalSection(ProjectConfigurationPlatforms) = postSolution
		{4010A596-DDE8-4F70-8ED1-869D3FFF05CE}.Debug|Any CPU.ActiveCfg = Debug|Any CPU
		{4010A596-DDE8-4F70-8ED1-869D3FFF05CE}.Debug|Any CPU.Build.0 = Debug|Any CPU
		{4010A596-DDE8-4F70-8ED1-869D3FFF05CE}.Release|Any CPU.ActiveCfg = Release|Any CPU
		{4010A596-DDE8-4F70-8ED1-869D3FFF05CE}.Release|Any CPU.Build.0 = Release|Any CPU
		{BAE01073-3F46-44F0-AA20-86D091953329}.Debug|Any CPU.ActiveCfg = Debug|Any CPU
		{BAE01073-3F46-44F0-AA20-86D091953329}.Debug|Any CPU.Build.0 = Debug|Any CPU
		{BAE01073-3F46-44F0-AA20-86D091953329}.Release|Any CPU.ActiveCfg = Release|Any CPU
		{BAE01073-3F46-44F0-AA20-86D091953329}.Release|Any CPU.Build.0 = Release|Any CPU
	EndGlobalSection
	GlobalSection(SolutionProperties) = preSolution
		HideSolutionNode = FALSE
	EndGlobalSection
	GlobalSection(ExtensibilityGlobals) = postSolution
		SolutionGuid = {B1E4E5E7-9922-48A5-8B37-CFA0B554C735}
	EndGlobalSection
EndGlobal
